
Microsoft Visual Studio Solution File, Format Version 12.00
# Visual Studio Version 17
VisualStudioVersion = 17.13.35919.96
MinimumVisualStudioVersion = 10.0.40219.1
Project("{FAE04EC0-301F-11D3-BF4B-00C04F79EFBC}") = "ObligatorioMVC", "ObligatorioMVC\ObligatorioMVC.csproj", "{4EB0ED00-8529-4A61-9562-1346702886D7}"
EndProject
Global
	GlobalSection(SolutionConfigurationPlatforms) = preSolution
		Debug|Any CPU = Debug|Any CPU
		Release|Any CPU = Release|Any CPU
	EndGlobalSection
	GlobalSection(ProjectConfigurationPlatforms) = postSolution
		{4EB0ED00-8529-4A61-9562-1346702886D7}.Debug|Any CPU.ActiveCfg = Debug|Any CPU
		{4EB0ED00-8529-4A61-9562-1346702886D7}.Debug|Any CPU.Build.0 = Debug|Any CPU
		{4EB0ED00-8529-4A61-9562-1346702886D7}.Release|Any CPU.ActiveCfg = Release|Any CPU
		{4EB0ED00-8529-4A61-9562-1346702886D7}.Release|Any CPU.Build.0 = Release|Any CPU
	EndGlobalSection
	GlobalSection(SolutionProperties) = preSolution
		HideSolutionNode = FALSE
	EndGlobalSection
	GlobalSection(ExtensibilityGlobals) = postSolution
		SolutionGuid = {4AE7215F-084F-4973-B43A-F2212F425624}
	EndGlobalSection
EndGlobal
